<?xml version="1.0" encoding="utf-8"?>
<Project ToolsVersion="4.0" xmlns="http://schemas.microsoft.com/developer/msbuild/2003">
  <ItemGroup>
    <ClCompile Include="..\googletest\googletest\src\gtest-all.cc" />
    <ClCompile Include="..\googletest\googletest\src\gtest_main.cc" />
    <ClCompile Include="..\common_items\Color.cpp">
      <Filter>ConverterFiles\commonItems</Filter>
    </ClCompile>
    <ClCompile Include="..\common_items\Log.cpp">
      <Filter>ConverterFiles\commonItems</Filter>
    </ClCompile>
    <ClCompile Include="..\common_items\newParser.cpp">
      <Filter>ConverterFiles\commonItems</Filter>
    </ClCompile>
    <ClCompile Include="..\common_items\Object.cpp">
      <Filter>ConverterFiles\commonItems</Filter>
    </ClCompile>
    <ClCompile Include="..\common_items\ParserHelpers.cpp">
      <Filter>ConverterFiles\commonItems</Filter>
    </ClCompile>
    <ClCompile Include="..\common_items\WinUtils.cpp">
      <Filter>ConverterFiles\commonItems</Filter>
    </ClCompile>
    <ClCompile Include="ConfigurationTests.cpp" />
    <ClCompile Include="..\googletest\googlemock\src\gmock-all.cc" />
    <ClCompile Include="..\common_items\Date.cpp">
      <Filter>ConverterFiles\commonItems</Filter>
    </ClCompile>
    <ClCompile Include="..\common_items\iconvlite.cpp">
      <Filter>ConverterFiles\commonItems</Filter>
    </ClCompile>
    <ClCompile Include="..\CK2ToEU4\Source\Configuration\Configuration.cpp">
      <Filter>ConverterFiles\Configuration</Filter>
    </ClCompile>
    <ClCompile Include="..\CK2ToEU4\Source\Configuration\ConfigurationDetails.cpp">
      <Filter>ConverterFiles\Configuration</Filter>
    </ClCompile>
    <ClCompile Include="..\CK2ToEU4\Source\Common\CommonFunctions.cpp">
      <Filter>ConverterFiles\Common</Filter>
    </ClCompile>
    <ClCompile Include="CK2WorldTests\Provinces\BaronyTests.cpp">
      <Filter>CK2WorldTests\Provinces</Filter>
    </ClCompile>
    <ClCompile Include="CK2WorldTests\Provinces\ProvincesTests.cpp">
      <Filter>CK2WorldTests\Provinces</Filter>
    </ClCompile>
    <ClCompile Include="CK2WorldTests\Provinces\ProvinceTests.cpp">
      <Filter>CK2WorldTests\Provinces</Filter>
    </ClCompile>
    <ClCompile Include="CK2WorldTests\Characters\CharactersTests.cpp">
      <Filter>CK2WorldTests\Characters</Filter>
    </ClCompile>
    <ClCompile Include="CK2WorldTests\Characters\CharacterTests.cpp">
      <Filter>CK2WorldTests\Characters</Filter>
    </ClCompile>
    <ClCompile Include="..\CK2ToEU4\Source\CK2World\Provinces\Barony.cpp">
      <Filter>ConverterFiles\CK2World\Provinces</Filter>
    </ClCompile>
    <ClCompile Include="..\CK2ToEU4\Source\CK2World\Provinces\Province.cpp">
      <Filter>ConverterFiles\CK2World\Provinces</Filter>
    </ClCompile>
    <ClCompile Include="..\CK2ToEU4\Source\CK2World\Provinces\Provinces.cpp">
      <Filter>ConverterFiles\CK2World\Provinces</Filter>
    </ClCompile>
    <ClCompile Include="..\CK2ToEU4\Source\CK2World\Characters\Character.cpp">
      <Filter>ConverterFiles\CK2World\Characters</Filter>
    </ClCompile>
    <ClCompile Include="..\CK2ToEU4\Source\CK2World\Characters\Characters.cpp">
      <Filter>ConverterFiles\CK2World\Characters</Filter>
    </ClCompile>
    <ClCompile Include="CommonTests\CommonFunctionsTests.cpp">
      <Filter>CommonTests</Filter>
    </ClCompile>
    <ClCompile Include="CK2WorldTests\Titles\LiegeTests.cpp">
      <Filter>CK2WorldTests\Titles</Filter>
    </ClCompile>
    <ClCompile Include="CK2WorldTests\Titles\TitlesTests.cpp">
      <Filter>CK2WorldTests\Titles</Filter>
    </ClCompile>
    <ClCompile Include="CK2WorldTests\Titles\TitleTests.cpp">
      <Filter>CK2WorldTests\Titles</Filter>
    </ClCompile>
    <ClCompile Include="..\CK2ToEU4\Source\CK2World\Titles\Liege.cpp">
      <Filter>ConverterFiles\CK2World\Titles</Filter>
    </ClCompile>
    <ClCompile Include="..\CK2ToEU4\Source\CK2World\Titles\Title.cpp">
      <Filter>ConverterFiles\CK2World\Titles</Filter>
    </ClCompile>
    <ClCompile Include="..\CK2ToEU4\Source\CK2World\Titles\Titles.cpp">
      <Filter>ConverterFiles\CK2World\Titles</Filter>
    </ClCompile>
    <ClCompile Include="..\CK2ToEU4\Source\CK2World\Dynasties\Dynasties.cpp">
      <Filter>ConverterFiles\CK2World\Dynasties</Filter>
    </ClCompile>
    <ClCompile Include="..\CK2ToEU4\Source\CK2World\Dynasties\Dynasty.cpp">
      <Filter>ConverterFiles\CK2World\Dynasties</Filter>
    </ClCompile>
    <ClCompile Include="CK2WorldTests\Dynasties\DynastiesTests.cpp">
      <Filter>CK2WorldTests\Dynasties</Filter>
    </ClCompile>
    <ClCompile Include="CK2WorldTests\Dynasties\DynastyTests.cpp">
      <Filter>CK2WorldTests\Dynasties</Filter>
    </ClCompile>
  </ItemGroup>
  <ItemGroup>
    <Filter Include="EU4WorldTests">
      <UniqueIdentifier>{69d5d957-cedc-4e54-ac00-35b57710b4a9}</UniqueIdentifier>
    </Filter>
    <Filter Include="ConverterFiles">
      <UniqueIdentifier>{15d90f21-825c-4b5c-8541-ce76f1fb3bf3}</UniqueIdentifier>
    </Filter>
    <Filter Include="ConverterFiles\commonItems">
      <UniqueIdentifier>{b062b06f-cfb6-4a7c-8d34-14615884b65b}</UniqueIdentifier>
    </Filter>
    <Filter Include="ConverterFiles\EU4World">
      <UniqueIdentifier>{4b1804e5-f7ad-47d2-ad23-ff9402369723}</UniqueIdentifier>
    </Filter>
    <Filter Include="MapperTests">
      <UniqueIdentifier>{464b88af-654c-465b-a04b-5006c936bb45}</UniqueIdentifier>
    </Filter>
    <Filter Include="Mocks">
      <UniqueIdentifier>{ee4bf73c-f3a3-44d9-96c7-d17c2ef2af32}</UniqueIdentifier>
    </Filter>
    <Filter Include="CK2WorldTests">
      <UniqueIdentifier>{fbc73b64-cbe6-4376-a79e-dc1da7f57eba}</UniqueIdentifier>
    </Filter>
    <Filter Include="ConverterFiles\Configuration">
      <UniqueIdentifier>{730a8d2d-4c6d-4968-9d41-f6f7a97f8fe5}</UniqueIdentifier>
    </Filter>
    <Filter Include="ConverterFiles\Mappers">
      <UniqueIdentifier>{ca465e81-ccf4-4cd2-a836-5944e84a40af}</UniqueIdentifier>
    </Filter>
    <Filter Include="ConverterFiles\CK2World">
      <UniqueIdentifier>{e38cf41f-c863-4ffd-8b4a-54af80f25231}</UniqueIdentifier>
    </Filter>
    <Filter Include="ConverterFiles\Common">
      <UniqueIdentifier>{e092dff3-4e29-4eda-b83e-1b86e00cb004}</UniqueIdentifier>
    </Filter>
    <Filter Include="CK2WorldTests\Provinces">
      <UniqueIdentifier>{2a382b13-cbb9-417a-8433-dfab04721424}</UniqueIdentifier>
    </Filter>
    <Filter Include="CK2WorldTests\Characters">
      <UniqueIdentifier>{b5e1f506-d040-45c6-acad-deeaf4e4bc20}</UniqueIdentifier>
    </Filter>
    <Filter Include="ConverterFiles\CK2World\Provinces">
      <UniqueIdentifier>{2874dd60-acf6-472c-9adf-a0b52e4a0cf8}</UniqueIdentifier>
    </Filter>
    <Filter Include="ConverterFiles\CK2World\Characters">
      <UniqueIdentifier>{84cab1eb-0b73-4f9e-96cb-779302be85b4}</UniqueIdentifier>
    </Filter>
    <Filter Include="CommonTests">
      <UniqueIdentifier>{66d9f4b2-7655-47d4-a3fc-f5516fcce922}</UniqueIdentifier>
    </Filter>
    <Filter Include="CK2WorldTests\Titles">
      <UniqueIdentifier>{5541e47a-1b68-417c-9168-76c809bbab1f}</UniqueIdentifier>
    </Filter>
    <Filter Include="ConverterFiles\CK2World\Titles">
      <UniqueIdentifier>{4e5b60f0-fccf-4a32-b61a-8007282924e9}</UniqueIdentifier>
    </Filter>
    <Filter Include="ConverterFiles\CK2World\Dynasties">
      <UniqueIdentifier>{a747beb4-a111-4bd1-92c0-1a8aaae00cef}</UniqueIdentifier>
    </Filter>
    <Filter Include="CK2WorldTests\Dynasties">
      <UniqueIdentifier>{d7473ea1-8a50-402c-a780-204347bf64a4}</UniqueIdentifier>
    </Filter>
  </ItemGroup>
</Project>