<?xml version="1.0" encoding="utf-8"?>
<Project ToolsVersion="4.0" xmlns="http://schemas.microsoft.com/developer/msbuild/2003">
  <ItemGroup>
    <ClCompile Include="ConfigurationTests.cpp" />
    <ClCompile Include="CK2WorldTests\Provinces\BaronyTests.cpp">
      <Filter>CK2WorldTests\Provinces</Filter>
    </ClCompile>
    <ClCompile Include="CK2WorldTests\Provinces\ProvincesTests.cpp">
      <Filter>CK2WorldTests\Provinces</Filter>
    </ClCompile>
    <ClCompile Include="CK2WorldTests\Provinces\ProvinceTests.cpp">
      <Filter>CK2WorldTests\Provinces</Filter>
    </ClCompile>
    <ClCompile Include="CK2WorldTests\Characters\CharactersTests.cpp">
      <Filter>CK2WorldTests\Characters</Filter>
    </ClCompile>
    <ClCompile Include="CK2WorldTests\Characters\CharacterTests.cpp">
      <Filter>CK2WorldTests\Characters</Filter>
    </ClCompile>
    <ClCompile Include="CK2WorldTests\Titles\LiegeTests.cpp">
      <Filter>CK2WorldTests\Titles</Filter>
    </ClCompile>
    <ClCompile Include="CK2WorldTests\Titles\TitlesTests.cpp">
      <Filter>CK2WorldTests\Titles</Filter>
    </ClCompile>
    <ClCompile Include="CK2WorldTests\Titles\TitleTests.cpp">
      <Filter>CK2WorldTests\Titles</Filter>
    </ClCompile>
    <ClCompile Include="CK2WorldTests\Dynasties\DynastiesTests.cpp">
      <Filter>CK2WorldTests\Dynasties</Filter>
    </ClCompile>
    <ClCompile Include="CK2WorldTests\Dynasties\DynastyTests.cpp">
      <Filter>CK2WorldTests\Dynasties</Filter>
    </ClCompile>
    <ClCompile Include="CK2WorldTests\Characters\DomainTests.cpp">
      <Filter>CK2WorldTests\Characters</Filter>
    </ClCompile>
    <ClCompile Include="MapperTests\IAmHreMapper\IAmHreMapperTests.cpp">
      <Filter>MapperTests\IAmHreMapper</Filter>
    </ClCompile>
    <ClCompile Include="MapperTests\ProvinceMapper\ProvinceMapperTests.cpp">
      <Filter>MapperTests\ProvinceMapper</Filter>
    </ClCompile>
    <ClCompile Include="MapperTests\ProvinceMapper\ProvinceMappingsVersionTests.cpp">
      <Filter>MapperTests\ProvinceMapper</Filter>
    </ClCompile>
    <ClCompile Include="MapperTests\ProvinceMapper\ProvinceMappingTests.cpp">
      <Filter>MapperTests\ProvinceMapper</Filter>
    </ClCompile>
    <ClCompile Include="MapperTests\TitleTagMapper\TitleTagMapperTests.cpp">
      <Filter>MapperTests\TitleTagMapper</Filter>
    </ClCompile>
    <ClCompile Include="MapperTests\TitleTagMapper\TitleTagMappingTests.cpp">
      <Filter>MapperTests\TitleTagMapper</Filter>
    </ClCompile>
    <ClCompile Include="MapperTests\ReligionMapper\ReligionMapperTests.cpp">
      <Filter>MapperTests\ReligionMapper</Filter>
    </ClCompile>
    <ClCompile Include="MapperTests\ReligionMapper\ReligionMappingTests.cpp">
      <Filter>MapperTests\ReligionMapper</Filter>
    </ClCompile>
    <ClCompile Include="MapperTests\RegionMapper\RegionMapperTests.cpp">
      <Filter>MapperTests\RegionMapper</Filter>
    </ClCompile>
    <ClCompile Include="MapperTests\CultureMapper\CultureMapperTests.cpp">
      <Filter>MapperTests\CultureMapper</Filter>
    </ClCompile>
    <ClCompile Include="MapperTests\CultureMapper\CultureMappingTests.cpp">
      <Filter>MapperTests\CultureMapper</Filter>
    </ClCompile>
    <ClCompile Include="MapperTests\GovernmentsMapper\GovernmentsMapperTests.cpp">
      <Filter>MapperTests\GovernmentsMapper</Filter>
    </ClCompile>
    <ClCompile Include="MapperTests\GovernmentsMapper\GovernmentsMappingTests.cpp">
      <Filter>MapperTests\GovernmentsMapper</Filter>
    </ClCompile>
    <ClCompile Include="MapperTests\RegionMapper\AreaTests.cpp">
      <Filter>MapperTests\RegionMapper</Filter>
    </ClCompile>
    <ClCompile Include="MapperTests\RegionMapper\RegionTests.cpp">
      <Filter>MapperTests\RegionMapper</Filter>
    </ClCompile>
    <ClCompile Include="MapperTests\RegionMapper\SuperRegionTests.cpp">
      <Filter>MapperTests\RegionMapper</Filter>
    </ClCompile>
    <ClCompile Include="MapperTests\PersonalityScraper\PersonalityScraperTests.cpp">
      <Filter>MapperTests\PersonalityScraper</Filter>
    </ClCompile>
    <ClCompile Include="MapperTests\RulerPersonalityMapper\RulerPersonalitiesMappingTests.cpp">
      <Filter>MapperTests\RulerPersonalitiesMapper</Filter>
    </ClCompile>
    <ClCompile Include="MapperTests\RulerPersonalityMapper\RulerPersonalityMapperTests.cpp">
      <Filter>MapperTests\RulerPersonalitiesMapper</Filter>
    </ClCompile>
    <ClCompile Include="CK2WorldTests\Wonders\WondersTests.cpp">
      <Filter>CK2WorldTests\Wonders</Filter>
    </ClCompile>
    <ClCompile Include="CK2WorldTests\Wonders\WonderTests.cpp">
      <Filter>CK2WorldTests\Wonders</Filter>
    </ClCompile>
    <ClCompile Include="CK2WorldTests\Offmaps\OffmapsTests.cpp">
      <Filter>CK2WorldTests\Offmaps</Filter>
    </ClCompile>
    <ClCompile Include="CK2WorldTests\Offmaps\OffmapTests.cpp">
      <Filter>CK2WorldTests\Offmaps</Filter>
    </ClCompile>
    <ClCompile Include="CK2WorldTests\Dynasties\CoatOfArmsTests.cpp">
      <Filter>CK2WorldTests\Dynasties</Filter>
    </ClCompile>
    <ClCompile Include="CK2WorldTests\Relations\AllRelationsTests.cpp">
      <Filter>CK2WorldTests\Relations</Filter>
    </ClCompile>
    <ClCompile Include="CK2WorldTests\Relations\RelationsTests.cpp">
      <Filter>CK2WorldTests\Relations</Filter>
    </ClCompile>
    <ClCompile Include="CK2WorldTests\Relations\RelationTests.cpp">
      <Filter>CK2WorldTests\Relations</Filter>
    </ClCompile>
    <ClCompile Include="CK2WorldTests\Relations\TributaryTests.cpp">
      <Filter>CK2WorldTests\Relations</Filter>
    </ClCompile>
    <ClCompile Include="CK2WorldTests\Vars\VarsTests.cpp">
      <Filter>CK2WorldTests\Vars</Filter>
    </ClCompile>
    <ClCompile Include="MapperTests\ShatterEmpiresMapper\ShatterEmpiresMapperTests.cpp">
      <Filter>MapperTests\ShatterEmpiresMapper</Filter>
    </ClCompile>
    <ClCompile Include="MapperTests\PrimaryTagMapper\PrimaryTagCultureGroupTests.cpp">
      <Filter>MapperTests\PrimaryTagMapper</Filter>
    </ClCompile>
    <ClCompile Include="MapperTests\PrimaryTagMapper\PrimaryTagCultureTests.cpp">
      <Filter>MapperTests\PrimaryTagMapper</Filter>
    </ClCompile>
    <ClCompile Include="MapperTests\PrimaryTagMapper\PrimaryTagMapperTests.cpp">
      <Filter>MapperTests\PrimaryTagMapper</Filter>
    </ClCompile>
    <ClCompile Include="MapperTests\DevWeightsMapper\DevWeightsMapperTests.cpp">
      <Filter>MapperTests\DevWeightsMapper</Filter>
    </ClCompile>
    <ClCompile Include="MapperTests\ReformedReligionMapper\ReformedReligionMapperTests.cpp">
      <Filter>MapperTests\ReformedReligionMapper</Filter>
    </ClCompile>
    <ClCompile Include="MapperTests\ReformedReligionMapper\ReformedReligionMappingTests.cpp">
      <Filter>MapperTests\ReformedReligionMapper</Filter>
    </ClCompile>
    <ClCompile Include="CK2WorldTests\Religions\ReligionsTests.cpp">
      <Filter>CK2WorldTests\Religions</Filter>
    </ClCompile>
    <ClCompile Include="CK2WorldTests\Religions\ReligionTests.cpp">
      <Filter>CK2WorldTests\Religions</Filter>
    </ClCompile>
    <ClCompile Include="CK2WorldTests\Flags\FlagsTests.cpp">
      <Filter>CK2WorldTests\Flags</Filter>
    </ClCompile>
    <ClCompile Include="MapperTests\MonumentsMapper\MonumentsMapperTests.cpp">
      <Filter>MapperTests\MonumentsMapper</Filter>
    </ClCompile>
    <ClCompile Include="MapperTests\MonumentsMapper\MonumentsMappingTests.cpp">
      <Filter>MapperTests\MonumentsMapper</Filter>
    </ClCompile>
    <ClCompile Include="MapperTests\VassalSplitoffMapper\VassalSplitoffMapperTests.cpp">
      <Filter>MapperTests\VassalSplitoffMapper</Filter>
    </ClCompile>
    <ClCompile Include="MapperTests\AfricanPassesMapper\AfricanPassesMapperTests.cpp">
      <Filter>MapperTests\AfricanPassesMapper</Filter>
    </ClCompile>
    <ClCompile Include="MapperTests\AfricanPassesMapper\AfricanPassesMappingTests.cpp">
      <Filter>MapperTests\AfricanPassesMapper</Filter>
    </ClCompile>
    <ClCompile Include="..\commonItems\external\googletest\googlemock\src\gmock-all.cc" />
    <ClCompile Include="..\commonItems\external\googletest\googletest\src\gtest-all.cc" />
    <ClCompile Include="..\commonItems\external\googletest\googletest\src\gtest_main.cc" />
  </ItemGroup>
  <ItemGroup>
    <Filter Include="EU4WorldTests">
      <UniqueIdentifier>{69d5d957-cedc-4e54-ac00-35b57710b4a9}</UniqueIdentifier>
    </Filter>
    <Filter Include="MapperTests">
      <UniqueIdentifier>{464b88af-654c-465b-a04b-5006c936bb45}</UniqueIdentifier>
    </Filter>
    <Filter Include="Mocks">
      <UniqueIdentifier>{ee4bf73c-f3a3-44d9-96c7-d17c2ef2af32}</UniqueIdentifier>
    </Filter>
    <Filter Include="CK2WorldTests">
      <UniqueIdentifier>{fbc73b64-cbe6-4376-a79e-dc1da7f57eba}</UniqueIdentifier>
    </Filter>
    <Filter Include="CK2WorldTests\Provinces">
      <UniqueIdentifier>{2a382b13-cbb9-417a-8433-dfab04721424}</UniqueIdentifier>
    </Filter>
    <Filter Include="CK2WorldTests\Characters">
      <UniqueIdentifier>{b5e1f506-d040-45c6-acad-deeaf4e4bc20}</UniqueIdentifier>
    </Filter>
    <Filter Include="CK2WorldTests\Titles">
      <UniqueIdentifier>{5541e47a-1b68-417c-9168-76c809bbab1f}</UniqueIdentifier>
    </Filter>
    <Filter Include="CK2WorldTests\Dynasties">
      <UniqueIdentifier>{d7473ea1-8a50-402c-a780-204347bf64a4}</UniqueIdentifier>
    </Filter>
    <Filter Include="MapperTests\IAmHreMapper">
      <UniqueIdentifier>{3e5e074d-94fe-4c10-8baf-f1276c630a6a}</UniqueIdentifier>
    </Filter>
    <Filter Include="MapperTests\ProvinceMapper">
      <UniqueIdentifier>{90a90850-b9a7-409f-91a8-327aa01377f2}</UniqueIdentifier>
    </Filter>
    <Filter Include="MapperTests\TitleTagMapper">
      <UniqueIdentifier>{5371ff3b-a0ad-4b2a-8cd0-3878b3c3eba5}</UniqueIdentifier>
    </Filter>
    <Filter Include="MapperTests\ReligionMapper">
      <UniqueIdentifier>{eb7740a8-f983-4717-ab3a-8d420a7b7d9f}</UniqueIdentifier>
    </Filter>
    <Filter Include="MapperTests\RegionMapper">
      <UniqueIdentifier>{b6b83d5c-38a6-498b-8466-025f1891ad17}</UniqueIdentifier>
    </Filter>
    <Filter Include="MapperTests\CultureMapper">
      <UniqueIdentifier>{fb23fbeb-dcd7-46a1-a1a8-4258ec3c7a6c}</UniqueIdentifier>
    </Filter>
    <Filter Include="MapperTests\GovernmentsMapper">
      <UniqueIdentifier>{b3a26783-5c9f-48ee-99b0-5ff734f67b47}</UniqueIdentifier>
    </Filter>
    <Filter Include="MapperTests\PersonalityScraper">
      <UniqueIdentifier>{38de7e48-1701-439b-9bca-40937890c2da}</UniqueIdentifier>
    </Filter>
    <Filter Include="MapperTests\RulerPersonalitiesMapper">
      <UniqueIdentifier>{53312d70-a300-4eac-b4c1-e377db2af167}</UniqueIdentifier>
    </Filter>
    <Filter Include="CK2WorldTests\Wonders">
      <UniqueIdentifier>{c857b662-d2b0-4e75-b03f-a1ef80d9c3c8}</UniqueIdentifier>
    </Filter>
    <Filter Include="CK2WorldTests\Offmaps">
      <UniqueIdentifier>{2ea84252-c232-4c4e-9a44-4a9c8fb5df22}</UniqueIdentifier>
    </Filter>
    <Filter Include="CK2WorldTests\Relations">
      <UniqueIdentifier>{88ba946c-7cdd-4ccf-a89b-4f63b79b0e54}</UniqueIdentifier>
    </Filter>
    <Filter Include="CK2WorldTests\Vars">
      <UniqueIdentifier>{b604c980-2da7-4198-9dda-18c74ef2e7aa}</UniqueIdentifier>
    </Filter>
    <Filter Include="MapperTests\ShatterEmpiresMapper">
      <UniqueIdentifier>{21f132a1-0718-4848-86b7-e644963f2d61}</UniqueIdentifier>
    </Filter>
    <Filter Include="MapperTests\PrimaryTagMapper">
      <UniqueIdentifier>{9ca0ce05-0567-4eb9-89e5-9269c3a889d6}</UniqueIdentifier>
    </Filter>
    <Filter Include="MapperTests\DevWeightsMapper">
      <UniqueIdentifier>{2750d4bb-3f35-4f1e-b213-6924e7f7d597}</UniqueIdentifier>
    </Filter>
    <Filter Include="MapperTests\ReformedReligionMapper">
      <UniqueIdentifier>{b7c3c639-2894-4bcc-99c2-37a08023c266}</UniqueIdentifier>
    </Filter>
    <Filter Include="CK2WorldTests\Religions">
      <UniqueIdentifier>{6b1e1252-f165-4761-a8c2-9f7c77becf4f}</UniqueIdentifier>
    </Filter>
    <Filter Include="CK2WorldTests\Flags">
      <UniqueIdentifier>{aa58ab20-dba7-4fb7-aa01-ea150eb1786a}</UniqueIdentifier>
    </Filter>
    <Filter Include="MapperTests\MonumentsMapper">
      <UniqueIdentifier>{e6c5bb3d-8fb4-4078-81df-8842da795bd3}</UniqueIdentifier>
    </Filter>
    <Filter Include="MapperTests\VassalSplitoffMapper">
      <UniqueIdentifier>{408e16e5-81d1-43c7-aaaa-459a98682c67}</UniqueIdentifier>
    </Filter>
    <Filter Include="MapperTests\AfricanPassesMapper">
      <UniqueIdentifier>{067100a0-6d77-4fb5-82b8-4b551ff181d0}</UniqueIdentifier>
    </Filter>
  </ItemGroup>
</Project>