<?xml version="1.0" encoding="utf-8"?>
<Project ToolsVersion="4.0" xmlns="http://schemas.microsoft.com/developer/msbuild/2003">
  <ItemGroup>
    <ClCompile Include="Source\CK2ToEU4Converter.cpp" />
    <ClCompile Include="Source\main.cpp" />
    <ClCompile Include="..\commonItems\CommonUtils.cpp">
      <Filter>CommonItems</Filter>
    </ClCompile>
    <ClCompile Include="..\commonItems\Color.cpp">
      <Filter>CommonItems</Filter>
    </ClCompile>
    <ClCompile Include="..\commonItems\Date.cpp">
      <Filter>CommonItems</Filter>
    </ClCompile>
    <ClCompile Include="..\commonItems\Log.cpp">
      <Filter>CommonItems</Filter>
    </ClCompile>
    <ClCompile Include="..\commonItems\newParser.cpp">
      <Filter>CommonItems</Filter>
    </ClCompile>
    <ClCompile Include="..\commonItems\ParserHelpers.cpp">
      <Filter>CommonItems</Filter>
    </ClCompile>
    <ClCompile Include="..\commonItems\WinUtils.cpp">
      <Filter>CommonItems</Filter>
    </ClCompile>
    <ClCompile Include="..\commonItems\StringUtils.cpp">
      <Filter>CommonItems</Filter>
    </ClCompile>
    <ClCompile Include="..\commonItems\Object.cpp">
      <Filter>CommonItems</Filter>
    </ClCompile>
    <ClCompile Include="..\commonItems\iconvlite.cpp">
      <Filter>CommonItems</Filter>
    </ClCompile>
    <ClCompile Include="Source\Mappers\VersionParser\VersionParser.cpp">
      <Filter>Mappers\VersionParser</Filter>
    </ClCompile>
    <ClCompile Include="Source\EU4World\Output\outVersion.cpp">
      <Filter>EU4World\Output</Filter>
    </ClCompile>
    <ClCompile Include="Source\CK2World\World.cpp">
      <Filter>CK2World</Filter>
    </ClCompile>
    <ClCompile Include="Source\Common\ID.cpp">
      <Filter>Common</Filter>
    </ClCompile>
    <ClCompile Include="Source\Common\Version.cpp">
      <Filter>Common</Filter>
    </ClCompile>
    <ClCompile Include="Source\Configuration\Configuration.cpp">
      <Filter>Configuration</Filter>
    </ClCompile>
    <ClCompile Include="Source\Mappers\ProvinceTitleMapper\ProvinceTitleMapper.cpp">
      <Filter>Mappers\ProvinceTitleMapper</Filter>
    </ClCompile>
    <ClCompile Include="Source\Mappers\ProvinceTitleMapper\ProvinceTitleGrabber.cpp">
      <Filter>Mappers\ProvinceTitleMapper</Filter>
    </ClCompile>
    <ClCompile Include="Source\CK2World\Provinces\Province.cpp">
      <Filter>CK2World\Province</Filter>
    </ClCompile>
    <ClCompile Include="Source\CK2World\Provinces\Provinces.cpp">
      <Filter>CK2World\Province</Filter>
    </ClCompile>
    <ClCompile Include="Source\Common\CommonFunctions.cpp">
      <Filter>Common</Filter>
    </ClCompile>
    <ClCompile Include="Source\CK2World\Provinces\Barony.cpp">
      <Filter>CK2World\Province</Filter>
    </ClCompile>
    <ClCompile Include="Source\CK2World\Characters\Character.cpp">
      <Filter>CK2World\Characters</Filter>
    </ClCompile>
    <ClCompile Include="Source\CK2World\Characters\Characters.cpp">
      <Filter>CK2World\Characters</Filter>
    </ClCompile>
    <ClCompile Include="Source\CK2World\Titles\Liege.cpp">
      <Filter>CK2World\Titles</Filter>
    </ClCompile>
    <ClCompile Include="Source\CK2World\Titles\Title.cpp">
      <Filter>CK2World\Titles</Filter>
    </ClCompile>
    <ClCompile Include="Source\CK2World\Titles\Titles.cpp">
      <Filter>CK2World\Titles</Filter>
    </ClCompile>
    <ClCompile Include="Source\CK2World\Dynasties\Dynasties.cpp">
      <Filter>CK2World\Dynasties</Filter>
    </ClCompile>
    <ClCompile Include="Source\CK2World\Dynasties\Dynasty.cpp">
      <Filter>CK2World\Dynasties</Filter>
    </ClCompile>
    <ClCompile Include="Source\CK2World\Characters\Domain.cpp">
      <Filter>CK2World\Characters</Filter>
    </ClCompile>
    <ClCompile Include="Source\Mappers\IAmHreMapper\IAmHreMapper.cpp">
      <Filter>Mappers\IAmHreMapper</Filter>
    </ClCompile>
    <ClCompile Include="Source\Mappers\ProvinceMapper\ProvinceMapper.cpp">
      <Filter>Mappers\ProvinceMapper</Filter>
    </ClCompile>
    <ClCompile Include="Source\EU4World\EU4World.cpp">
      <Filter>EU4World</Filter>
    </ClCompile>
    <ClCompile Include="Source\Mappers\ProvinceMapper\ProvinceMapping.cpp">
      <Filter>Mappers\ProvinceMapper</Filter>
    </ClCompile>
    <ClCompile Include="Source\Mappers\ProvinceMapper\ProvinceMappingsVersion.cpp">
      <Filter>Mappers\ProvinceMapper</Filter>
    </ClCompile>
    <ClCompile Include="Source\Mappers\TitleTagMapper\TitleTagMapper.cpp">
      <Filter>Mappers\TitleTagMapper</Filter>
    </ClCompile>
    <ClCompile Include="Source\Mappers\TitleTagMapper\TitleTagMapping.cpp">
      <Filter>Mappers\TitleTagMapper</Filter>
    </ClCompile>
    <ClCompile Include="Source\EU4World\Country\Country.cpp">
      <Filter>EU4World\Country</Filter>
    </ClCompile>
    <ClCompile Include="Source\EU4World\Country\CountryDetails.cpp">
      <Filter>EU4World\Country</Filter>
    </ClCompile>
    <ClCompile Include="..\commonItems\CardinalToOrdinal.cpp">
      <Filter>CommonItems</Filter>
    </ClCompile>
    <ClCompile Include="Source\EU4World\Output\outCountry.cpp">
      <Filter>EU4World\Output</Filter>
    </ClCompile>
    <ClCompile Include="Source\EU4World\Output\outModFile.cpp">
      <Filter>EU4World\Output</Filter>
    </ClCompile>
    <ClCompile Include="Source\EU4World\Province\ProvinceDetails.cpp">
      <Filter>EU4World\Province</Filter>
    </ClCompile>
    <ClCompile Include="Source\EU4World\Output\outProvince.cpp">
      <Filter>EU4World\Output</Filter>
    </ClCompile>
    <ClCompile Include="Source\EU4World\Province\EU4Province.cpp">
      <Filter>EU4World\Province</Filter>
    </ClCompile>
    <ClCompile Include="Source\EU4World\Province\ProvinceModifier.cpp">
      <Filter>EU4World\Province</Filter>
    </ClCompile>
    <ClCompile Include="Source\EU4World\Output\outWorld.cpp">
      <Filter>EU4World\Output</Filter>
    </ClCompile>
    <ClCompile Include="Source\Mappers\ReligionMapper\ReligionMapper.cpp">
      <Filter>Mappers\ReligionMapper</Filter>
    </ClCompile>
    <ClCompile Include="Source\Mappers\ReligionMapper\ReligionMapping.cpp">
      <Filter>Mappers\ReligionMapper</Filter>
    </ClCompile>
    <ClCompile Include="Source\Mappers\CultureMapper\CultureMapper.cpp">
      <Filter>Mappers\CultureMapper</Filter>
    </ClCompile>
    <ClCompile Include="Source\Mappers\CultureMapper\CultureMappingRule.cpp">
      <Filter>Mappers\CultureMapper</Filter>
    </ClCompile>
    <ClCompile Include="Source\Mappers\RegionMapper\Area.cpp">
      <Filter>Mappers\RegionMapper</Filter>
    </ClCompile>
    <ClCompile Include="Source\Mappers\RegionMapper\Region.cpp">
      <Filter>Mappers\RegionMapper</Filter>
    </ClCompile>
    <ClCompile Include="Source\Mappers\RegionMapper\RegionMapper.cpp">
      <Filter>Mappers\RegionMapper</Filter>
    </ClCompile>
    <ClCompile Include="Source\Mappers\RegionMapper\SuperRegion.cpp">
      <Filter>Mappers\RegionMapper</Filter>
    </ClCompile>
    <ClCompile Include="Source\Mappers\GovernmentsMapper\GovernmentsMapper.cpp">
      <Filter>Mappers\GovernmentsMapper</Filter>
    </ClCompile>
    <ClCompile Include="Source\Mappers\GovernmentsMapper\GovernmentsMapping.cpp">
      <Filter>Mappers\GovernmentsMapper</Filter>
    </ClCompile>
    <ClCompile Include="Source\Mappers\ColorScraper\ColorScraper.cpp">
      <Filter>Mappers\ColorScraper</Filter>
    </ClCompile>
    <ClCompile Include="Source\Mappers\LocalizationMapper\LocalizationMapper.cpp">
      <Filter>Mappers\LocalizationMapper</Filter>
    </ClCompile>
    <ClCompile Include="Source\EU4World\Diplomacy\Diplomacy.cpp">
      <Filter>EU4World\Diplomacy</Filter>
    </ClCompile>
    <ClCompile Include="Source\EU4World\Output\outAgreement.cpp">
      <Filter>EU4World\Output</Filter>
    </ClCompile>
    <ClCompile Include="Source\EU4World\Country\MonarchNames.cpp">
      <Filter>EU4World\Country</Filter>
    </ClCompile>
    <ClCompile Include="Source\Mappers\RulerPersonalitiesMapper\RulerPersonalitiesMapper.cpp">
      <Filter>Mappers\RulerPersonalitiesMapper</Filter>
    </ClCompile>
    <ClCompile Include="Source\Mappers\RulerPersonalitiesMapper\RulerPersonalitiesMapping.cpp">
      <Filter>Mappers\RulerPersonalitiesMapper</Filter>
    </ClCompile>
    <ClCompile Include="Source\Mappers\PersonalityScraper\PersonalityScraper.cpp">
      <Filter>Mappers\PersonalityScraper</Filter>
    </ClCompile>
    <ClCompile Include="Source\CK2World\Wonders\Wonder.cpp">
      <Filter>CK2World\Wonders</Filter>
    </ClCompile>
    <ClCompile Include="Source\CK2World\Wonders\Wonders.cpp">
      <Filter>CK2World\Wonders</Filter>
    </ClCompile>
    <ClCompile Include="Source\CK2World\Offmaps\Offmap.cpp">
      <Filter>CK2World\Offmaps</Filter>
    </ClCompile>
    <ClCompile Include="Source\CK2World\Offmaps\Offmaps.cpp">
      <Filter>CK2World\Offmaps</Filter>
    </ClCompile>
    <ClCompile Include="Source\EU4World\Diplomacy\Agreement.cpp">
      <Filter>EU4World\Diplomacy</Filter>
    </ClCompile>
    <ClCompile Include="Source\CK2World\Dynasties\CoatOfArms.cpp">
      <Filter>CK2World\Dynasties</Filter>
    </ClCompile>
    <ClCompile Include="Source\CK2World\Mods\Mod.cpp">
      <Filter>CK2World\Mods</Filter>
    </ClCompile>
    <ClCompile Include="Source\CK2World\Mods\Mods.cpp">
      <Filter>CK2World\Mods</Filter>
    </ClCompile>
    <ClCompile Include="Source\CK2World\Relations\Relation.cpp">
      <Filter>CK2World\Relation</Filter>
    </ClCompile>
    <ClCompile Include="Source\CK2World\Relations\Relations.cpp">
      <Filter>CK2World\Relation</Filter>
    </ClCompile>
    <ClCompile Include="Source\CK2World\Relations\Tributary.cpp">
      <Filter>CK2World\Relation</Filter>
    </ClCompile>
    <ClCompile Include="Source\CK2World\Relations\AllRelations.cpp">
      <Filter>CK2World\Relation</Filter>
    </ClCompile>
    <ClCompile Include="Source\CK2World\Vars\Vars.cpp">
      <Filter>CK2World\Vars</Filter>
    </ClCompile>
  </ItemGroup>
  <ItemGroup>
    <ClInclude Include="Source\CK2ToEU4Converter.h" />
    <ClInclude Include="..\commonItems\Color.h">
      <Filter>CommonItems</Filter>
    </ClInclude>
    <ClInclude Include="..\commonItems\Date.h">
      <Filter>CommonItems</Filter>
    </ClInclude>
    <ClInclude Include="..\commonItems\Log.h">
      <Filter>CommonItems</Filter>
    </ClInclude>
    <ClInclude Include="..\commonItems\newParser.h">
      <Filter>CommonItems</Filter>
    </ClInclude>
    <ClInclude Include="..\commonItems\OSCompatibilityLayer.h">
      <Filter>CommonItems</Filter>
    </ClInclude>
    <ClInclude Include="..\commonItems\ParserHelpers.h">
      <Filter>CommonItems</Filter>
    </ClInclude>
    <ClInclude Include="..\commonItems\StringUtils.h">
      <Filter>CommonItems</Filter>
    </ClInclude>
    <ClInclude Include="..\commonItems\Object.h">
      <Filter>CommonItems</Filter>
    </ClInclude>
    <ClInclude Include="..\commonItems\iconvlite.h">
      <Filter>CommonItems</Filter>
    </ClInclude>
    <ClInclude Include="Source\Mappers\VersionParser\VersionParser.h">
      <Filter>Mappers\VersionParser</Filter>
    </ClInclude>
    <ClInclude Include="Source\CK2World\World.h">
      <Filter>CK2World</Filter>
    </ClInclude>
    <ClInclude Include="Source\Common\ID.h">
      <Filter>Common</Filter>
    </ClInclude>
    <ClInclude Include="Source\Common\Version.h">
      <Filter>Common</Filter>
    </ClInclude>
    <ClInclude Include="Source\Configuration\Configuration.h">
      <Filter>Configuration</Filter>
    </ClInclude>
    <ClInclude Include="Source\Mappers\ProvinceTitleMapper\ProvinceTitleMapper.h">
      <Filter>Mappers\ProvinceTitleMapper</Filter>
    </ClInclude>
    <ClInclude Include="Source\Mappers\ProvinceTitleMapper\ProvinceTitleGrabber.h">
      <Filter>Mappers\ProvinceTitleMapper</Filter>
    </ClInclude>
    <ClInclude Include="Source\CK2World\Provinces\Province.h">
      <Filter>CK2World\Province</Filter>
    </ClInclude>
    <ClInclude Include="Source\CK2World\Provinces\Provinces.h">
      <Filter>CK2World\Province</Filter>
    </ClInclude>
    <ClInclude Include="Source\Common\CommonFunctions.h">
      <Filter>Common</Filter>
    </ClInclude>
    <ClInclude Include="Source\CK2World\Provinces\Barony.h">
      <Filter>CK2World\Province</Filter>
    </ClInclude>
    <ClInclude Include="Source\CK2World\Characters\Character.h">
      <Filter>CK2World\Characters</Filter>
    </ClInclude>
    <ClInclude Include="Source\CK2World\Characters\Characters.h">
      <Filter>CK2World\Characters</Filter>
    </ClInclude>
    <ClInclude Include="Source\CK2World\Titles\Liege.h">
      <Filter>CK2World\Titles</Filter>
    </ClInclude>
    <ClInclude Include="Source\CK2World\Titles\Title.h">
      <Filter>CK2World\Titles</Filter>
    </ClInclude>
    <ClInclude Include="Source\CK2World\Titles\Titles.h">
      <Filter>CK2World\Titles</Filter>
    </ClInclude>
    <ClInclude Include="Source\CK2World\Dynasties\Dynasties.h">
      <Filter>CK2World\Dynasties</Filter>
    </ClInclude>
    <ClInclude Include="Source\CK2World\Dynasties\Dynasty.h">
      <Filter>CK2World\Dynasties</Filter>
    </ClInclude>
    <ClInclude Include="Source\CK2World\Characters\Domain.h">
      <Filter>CK2World\Characters</Filter>
    </ClInclude>
    <ClInclude Include="Source\Mappers\IAmHreMapper\IAmHreMapper.h">
      <Filter>Mappers\IAmHreMapper</Filter>
    </ClInclude>
    <ClInclude Include="Source\Mappers\ProvinceMapper\ProvinceMapper.h">
      <Filter>Mappers\ProvinceMapper</Filter>
    </ClInclude>
    <ClInclude Include="Source\EU4World\EU4World.h">
      <Filter>EU4World</Filter>
    </ClInclude>
    <ClInclude Include="Source\Mappers\ProvinceMapper\ProvinceMapping.h">
      <Filter>Mappers\ProvinceMapper</Filter>
    </ClInclude>
    <ClInclude Include="Source\Mappers\ProvinceMapper\ProvinceMappingsVersion.h">
      <Filter>Mappers\ProvinceMapper</Filter>
    </ClInclude>
    <ClInclude Include="Source\Mappers\TitleTagMapper\TitleTagMapper.h">
      <Filter>Mappers\TitleTagMapper</Filter>
    </ClInclude>
    <ClInclude Include="Source\Mappers\TitleTagMapper\TitleTagMapping.h">
      <Filter>Mappers\TitleTagMapper</Filter>
    </ClInclude>
    <ClInclude Include="Source\EU4World\Country\Country.h">
      <Filter>EU4World\Country</Filter>
    </ClInclude>
    <ClInclude Include="Source\EU4World\Country\CountryDetails.h">
      <Filter>EU4World\Country</Filter>
    </ClInclude>
    <ClInclude Include="..\commonItems\CardinalToOrdinal.h">
      <Filter>CommonItems</Filter>
    </ClInclude>
    <ClInclude Include="Source\EU4World\Province\ProvinceDetails.h">
      <Filter>EU4World\Province</Filter>
    </ClInclude>
    <ClInclude Include="Source\EU4World\Province\EU4Province.h">
      <Filter>EU4World\Province</Filter>
    </ClInclude>
    <ClInclude Include="Source\EU4World\Province\ProvinceModifier.h">
      <Filter>EU4World\Province</Filter>
    </ClInclude>
    <ClInclude Include="Source\EU4World\Output\outCountry.h">
      <Filter>EU4World\Output</Filter>
    </ClInclude>
    <ClInclude Include="Source\EU4World\Output\outModFile.h">
      <Filter>EU4World\Output</Filter>
    </ClInclude>
    <ClInclude Include="Source\EU4World\Output\outVersion.h">
      <Filter>EU4World\Output</Filter>
    </ClInclude>
    <ClInclude Include="Source\EU4World\Output\outProvince.h">
      <Filter>EU4World\Output</Filter>
    </ClInclude>
    <ClInclude Include="Source\Mappers\ReligionMapper\ReligionMapper.h">
      <Filter>Mappers\ReligionMapper</Filter>
    </ClInclude>
    <ClInclude Include="Source\Mappers\ReligionMapper\ReligionMapping.h">
      <Filter>Mappers\ReligionMapper</Filter>
    </ClInclude>
    <ClInclude Include="Source\Mappers\CultureMapper\CultureMapper.h">
      <Filter>Mappers\CultureMapper</Filter>
    </ClInclude>
    <ClInclude Include="Source\Mappers\CultureMapper\CultureMappingRule.h">
      <Filter>Mappers\CultureMapper</Filter>
    </ClInclude>
    <ClInclude Include="Source\Mappers\RegionMapper\Area.h">
      <Filter>Mappers\RegionMapper</Filter>
    </ClInclude>
    <ClInclude Include="Source\Mappers\RegionMapper\Region.h">
      <Filter>Mappers\RegionMapper</Filter>
    </ClInclude>
    <ClInclude Include="Source\Mappers\RegionMapper\RegionMapper.h">
      <Filter>Mappers\RegionMapper</Filter>
    </ClInclude>
    <ClInclude Include="Source\Mappers\RegionMapper\SuperRegion.h">
      <Filter>Mappers\RegionMapper</Filter>
    </ClInclude>
    <ClInclude Include="Source\Mappers\GovernmentsMapper\GovernmentsMapper.h">
      <Filter>Mappers\GovernmentsMapper</Filter>
    </ClInclude>
    <ClInclude Include="Source\Mappers\GovernmentsMapper\GovernmentsMapping.h">
      <Filter>Mappers\GovernmentsMapper</Filter>
    </ClInclude>
    <ClInclude Include="Source\Mappers\ColorScraper\ColorScraper.h">
      <Filter>Mappers\ColorScraper</Filter>
    </ClInclude>
    <ClInclude Include="Source\Mappers\LocalizationMapper\LocalizationMapper.h">
      <Filter>Mappers\LocalizationMapper</Filter>
    </ClInclude>
    <ClInclude Include="Source\EU4World\Diplomacy\Agreement.h">
      <Filter>EU4World\Diplomacy</Filter>
    </ClInclude>
    <ClInclude Include="Source\EU4World\Diplomacy\Diplomacy.h">
      <Filter>EU4World\Diplomacy</Filter>
    </ClInclude>
    <ClInclude Include="Source\EU4World\Output\outAgreement.h">
      <Filter>EU4World\Output</Filter>
    </ClInclude>
    <ClInclude Include="Source\EU4World\Country\MonarchNames.h">
      <Filter>EU4World\Country</Filter>
    </ClInclude>
    <ClInclude Include="Source\Mappers\RulerPersonalitiesMapper\RulerPersonalitiesMapper.h">
      <Filter>Mappers\RulerPersonalitiesMapper</Filter>
    </ClInclude>
    <ClInclude Include="Source\Mappers\RulerPersonalitiesMapper\RulerPersonalitiesMapping.h">
      <Filter>Mappers\RulerPersonalitiesMapper</Filter>
    </ClInclude>
    <ClInclude Include="Source\Mappers\PersonalityScraper\PersonalityScraper.h">
      <Filter>Mappers\PersonalityScraper</Filter>
    </ClInclude>
    <ClInclude Include="Source\CK2World\Wonders\Wonder.h">
      <Filter>CK2World\Wonders</Filter>
    </ClInclude>
    <ClInclude Include="Source\CK2World\Wonders\Wonders.h">
      <Filter>CK2World\Wonders</Filter>
    </ClInclude>
    <ClInclude Include="Source\CK2World\Offmaps\Offmap.h">
      <Filter>CK2World\Offmaps</Filter>
    </ClInclude>
    <ClInclude Include="Source\CK2World\Offmaps\Offmaps.h">
      <Filter>CK2World\Offmaps</Filter>
    </ClInclude>
    <ClInclude Include="Source\CK2World\Dynasties\CoatOfArms.h">
      <Filter>CK2World\Dynasties</Filter>
    </ClInclude>
    <ClInclude Include="Source\CK2World\Mods\Mod.h">
      <Filter>CK2World\Mods</Filter>
    </ClInclude>
    <ClInclude Include="Source\CK2World\Mods\Mods.h">
      <Filter>CK2World\Mods</Filter>
    </ClInclude>
    <ClInclude Include="Source\CK2World\Relations\Relation.h">
      <Filter>CK2World\Relation</Filter>
    </ClInclude>
    <ClInclude Include="Source\CK2World\Relations\Relations.h">
      <Filter>CK2World\Relation</Filter>
    </ClInclude>
    <ClInclude Include="Source\CK2World\Relations\Tributary.h">
      <Filter>CK2World\Relation</Filter>
    </ClInclude>
    <ClInclude Include="Source\CK2World\Relations\AllRelations.h">
      <Filter>CK2World\Relation</Filter>
    </ClInclude>
    <ClInclude Include="Source\CK2World\Vars\Vars.h">
      <Filter>CK2World\Vars</Filter>
    </ClInclude>
  </ItemGroup>
  <ItemGroup>
    <Filter Include="EU4World">
      <UniqueIdentifier>{1c4738b1-ae86-48d8-b793-d46251e6f372}</UniqueIdentifier>
    </Filter>
    <Filter Include="Mappers">
      <UniqueIdentifier>{bf826ab7-8ea4-4e55-9e01-15ed547a428e}</UniqueIdentifier>
    </Filter>
    <Filter Include="CommonItems">
      <UniqueIdentifier>{92d9302b-67c1-46ea-9493-b56e75598574}</UniqueIdentifier>
    </Filter>
    <Filter Include="CK2World">
      <UniqueIdentifier>{a0c46cb3-3d7e-4148-9e87-15482ee7f5aa}</UniqueIdentifier>
    </Filter>
    <Filter Include="Mappers\VersionParser">
      <UniqueIdentifier>{4aa0e976-f0df-433b-a548-cf38eaf50268}</UniqueIdentifier>
    </Filter>
    <Filter Include="EU4World\Output">
      <UniqueIdentifier>{5b048b58-a54b-4e0a-9aa3-40c1fca7e6c7}</UniqueIdentifier>
    </Filter>
    <Filter Include="Common">
      <UniqueIdentifier>{3a14f222-13e4-43cb-862d-55bfdc23cf3a}</UniqueIdentifier>
    </Filter>
    <Filter Include="Configuration">
      <UniqueIdentifier>{36ede7bf-90fe-435c-9ad1-c3917789ded5}</UniqueIdentifier>
    </Filter>
    <Filter Include="CK2World\Province">
      <UniqueIdentifier>{b7752c28-be79-4036-8d0c-cb0ff0acca6a}</UniqueIdentifier>
    </Filter>
    <Filter Include="Mappers\ProvinceTitleMapper">
      <UniqueIdentifier>{f9e4e064-28a7-4bad-be10-42bf5ee604a1}</UniqueIdentifier>
    </Filter>
    <Filter Include="CK2World\Characters">
      <UniqueIdentifier>{ec8228ff-456e-44ed-b09c-44ddaaad46a8}</UniqueIdentifier>
    </Filter>
    <Filter Include="CK2World\Titles">
      <UniqueIdentifier>{20a328a1-412c-4463-b6c8-7e195e1efc26}</UniqueIdentifier>
    </Filter>
    <Filter Include="CK2World\Dynasties">
      <UniqueIdentifier>{ca4bb717-d690-4894-8b07-859c715edf51}</UniqueIdentifier>
    </Filter>
    <Filter Include="Mappers\IAmHreMapper">
      <UniqueIdentifier>{a6e92ef6-2303-48a9-afe2-254a151cc645}</UniqueIdentifier>
    </Filter>
    <Filter Include="Mappers\ProvinceMapper">
      <UniqueIdentifier>{74392607-180c-4891-8517-2c05cfded2ab}</UniqueIdentifier>
    </Filter>
    <Filter Include="Mappers\TitleTagMapper">
      <UniqueIdentifier>{eb027069-ed4d-4ce2-b8b9-883757bf0db8}</UniqueIdentifier>
    </Filter>
    <Filter Include="EU4World\Country">
      <UniqueIdentifier>{ff88746f-f8b7-48c6-a94b-7bd744d2cc94}</UniqueIdentifier>
    </Filter>
    <Filter Include="EU4World\Province">
      <UniqueIdentifier>{c1b8eaf8-3a57-4145-8e62-2fb4f89d69b5}</UniqueIdentifier>
    </Filter>
    <Filter Include="Mappers\ReligionMapper">
      <UniqueIdentifier>{337138c8-793a-4f7c-8549-e84440fb86db}</UniqueIdentifier>
    </Filter>
    <Filter Include="Mappers\CultureMapper">
      <UniqueIdentifier>{be4c67a3-d0ed-4c42-a125-10a641ee4bfb}</UniqueIdentifier>
    </Filter>
    <Filter Include="Mappers\RegionMapper">
      <UniqueIdentifier>{aa9ded99-07cd-4ede-b8f4-d91560b337e2}</UniqueIdentifier>
    </Filter>
    <Filter Include="Mappers\GovernmentsMapper">
      <UniqueIdentifier>{411c7b37-01e7-4f83-b450-f9c4af5f0370}</UniqueIdentifier>
    </Filter>
    <Filter Include="Mappers\ColorScraper">
      <UniqueIdentifier>{492ad425-0a77-4214-a256-4ef82a6b5d7d}</UniqueIdentifier>
    </Filter>
    <Filter Include="Mappers\LocalizationMapper">
      <UniqueIdentifier>{77a57f73-520e-49a6-ab76-990758d84b75}</UniqueIdentifier>
    </Filter>
    <Filter Include="EU4World\Diplomacy">
      <UniqueIdentifier>{d04530b7-c78a-431d-8741-62cfcdd9c3ad}</UniqueIdentifier>
    </Filter>
    <Filter Include="Mappers\RulerPersonalitiesMapper">
      <UniqueIdentifier>{dafbb54b-299c-4e6b-80dc-36a7b68bfbac}</UniqueIdentifier>
    </Filter>
    <Filter Include="Mappers\PersonalityScraper">
      <UniqueIdentifier>{c27ea9b0-8c61-4014-b6e6-ffa0716437d3}</UniqueIdentifier>
    </Filter>
    <Filter Include="CK2World\Wonders">
      <UniqueIdentifier>{638c18d7-98c6-45f7-a9ed-64fc0a6bf11c}</UniqueIdentifier>
    </Filter>
    <Filter Include="CK2World\Offmaps">
      <UniqueIdentifier>{bd95b28f-f8d4-4712-881c-2bca3de7f6b1}</UniqueIdentifier>
    </Filter>
    <Filter Include="CK2World\Mods">
      <UniqueIdentifier>{b4ef6bfa-1e19-4608-bb13-ff782d906fad}</UniqueIdentifier>
    </Filter>
    <Filter Include="CK2World\Relation">
      <UniqueIdentifier>{ad570e8b-6418-4b55-b259-604cffc3bbfc}</UniqueIdentifier>
    </Filter>
    <Filter Include="CK2World\Vars">
      <UniqueIdentifier>{3a93ff99-4b74-4ef9-af47-9027ee02386b}</UniqueIdentifier>
    </Filter>
  </ItemGroup>
</Project>